<?xml version="1.0" encoding="utf-8"?>
<Project ToolsVersion="4.0" xmlns="http://schemas.microsoft.com/developer/msbuild/2003">
  <ItemGroup>
    <ClCompile Include="C:\Users\Likan\Documents\GitHub\multi_realm_cell\dep\recastnavigation\Recast\Recast.cpp">
      <Filter>Source Files</Filter>
    </ClCompile>
    <ClCompile Include="C:\Users\Likan\Documents\GitHub\multi_realm_cell\dep\recastnavigation\Recast\RecastAlloc.cpp">
      <Filter>Source Files</Filter>
    </ClCompile>
    <ClCompile Include="C:\Users\Likan\Documents\GitHub\multi_realm_cell\dep\recastnavigation\Recast\RecastArea.cpp">
      <Filter>Source Files</Filter>
    </ClCompile>
    <ClCompile Include="C:\Users\Likan\Documents\GitHub\multi_realm_cell\dep\recastnavigation\Recast\RecastContour.cpp">
      <Filter>Source Files</Filter>
    </ClCompile>
    <ClCompile Include="C:\Users\Likan\Documents\GitHub\multi_realm_cell\dep\recastnavigation\Recast\RecastFilter.cpp">
      <Filter>Source Files</Filter>
    </ClCompile>
    <ClCompile Include="C:\Users\Likan\Documents\GitHub\multi_realm_cell\dep\recastnavigation\Recast\RecastMesh.cpp">
      <Filter>Source Files</Filter>
    </ClCompile>
    <ClCompile Include="C:\Users\Likan\Documents\GitHub\multi_realm_cell\dep\recastnavigation\Recast\RecastMeshDetail.cpp">
      <Filter>Source Files</Filter>
    </ClCompile>
    <ClCompile Include="C:\Users\Likan\Documents\GitHub\multi_realm_cell\dep\recastnavigation\Recast\RecastRasterization.cpp">
      <Filter>Source Files</Filter>
    </ClCompile>
    <ClCompile Include="C:\Users\Likan\Documents\GitHub\multi_realm_cell\dep\recastnavigation\Recast\RecastRegion.cpp">
      <Filter>Source Files</Filter>
    </ClCompile>
  </ItemGroup>
  <ItemGroup>
  </ItemGroup>
  <ItemGroup>
  </ItemGroup>
  <ItemGroup>
  </ItemGroup>
  <ItemGroup>
    <CustomBuild Include="..\..\..\..\dep\recastnavigation\Recast\CMakeLists.txt" />
  </ItemGroup>
  <ItemGroup>
    <Filter Include="Source Files">
      <UniqueIdentifier>{DB1E76A4-AB4F-4EF6-9AB1-84DE6DB87B97}</UniqueIdentifier>
    </Filter>
  </ItemGroup>
  <ItemGroup>
  </ItemGroup>
</Project>
