Microsoft Visual Studio Solution File, Format Version 11.00
# Visual Studio 2010
Project("{8BC9CEB8-8B4A-11D0-8D11-00A0C91BC942}") = "ALL_BUILD", "ALL_BUILD.vcxproj", "{81671933-462A-429F-9F4A-226CBF8176B1}"
	ProjectSection(ProjectDependencies) = postProject
		{5A9E8F35-2FBB-4B41-92D8-3C95C6FFCE5B} = {5A9E8F35-2FBB-4B41-92D8-3C95C6FFCE5B}
		{2529E223-6C0F-4355-A3E1-5BB5F166DEF6} = {2529E223-6C0F-4355-A3E1-5BB5F166DEF6}
		{A5F450A8-02F6-4169-8CB2-816816FE8645} = {A5F450A8-02F6-4169-8CB2-816816FE8645}
		{28926D4C-CDC9-4FD3-9EEE-0B3029648CE7} = {28926D4C-CDC9-4FD3-9EEE-0B3029648CE7}
		{3A2DED82-C12E-484B-B2DF-1D96785FC4D9} = {3A2DED82-C12E-484B-B2DF-1D96785FC4D9}
		{02A52A21-D62B-42BA-AE4E-D31E5DA3165F} = {02A52A21-D62B-42BA-AE4E-D31E5DA3165F}
		{32CFB662-F7D7-4B60-A5B8-88EA1C0F98A4} = {32CFB662-F7D7-4B60-A5B8-88EA1C0F98A4}
		{54863AF1-AB6D-4888-9FFF-73CEFF1F72EA} = {54863AF1-AB6D-4888-9FFF-73CEFF1F72EA}
		{BC518F6B-46C9-4B91-B0D3-67B176F907B2} = {BC518F6B-46C9-4B91-B0D3-67B176F907B2}
	EndProjectSection
EndProject
Project("{8BC9CEB8-8B4A-11D0-8D11-00A0C91BC942}") = "Detour", "dep\recastnavigation\Detour\Detour.vcxproj", "{5A9E8F35-2FBB-4B41-92D8-3C95C6FFCE5B}"
	ProjectSection(ProjectDependencies) = postProject
		{A5F450A8-02F6-4169-8CB2-816816FE8645} = {A5F450A8-02F6-4169-8CB2-816816FE8645}
		{BC518F6B-46C9-4B91-B0D3-67B176F907B2} = {BC518F6B-46C9-4B91-B0D3-67B176F907B2}
	EndProjectSection
EndProject
Project("{8BC9CEB8-8B4A-11D0-8D11-00A0C91BC942}") = "INSTALL", "INSTALL.vcxproj", "{186A773A-B92A-4CE0-8F86-CE9DC9DA235E}"
	ProjectSection(ProjectDependencies) = postProject
		{81671933-462A-429F-9F4A-226CBF8176B1} = {81671933-462A-429F-9F4A-226CBF8176B1}
	EndProjectSection
EndProject
Project("{8BC9CEB8-8B4A-11D0-8D11-00A0C91BC942}") = "Recast", "dep\recastnavigation\Recast\Recast.vcxproj", "{2529E223-6C0F-4355-A3E1-5BB5F166DEF6}"
	ProjectSection(ProjectDependencies) = postProject
		{A5F450A8-02F6-4169-8CB2-816816FE8645} = {A5F450A8-02F6-4169-8CB2-816816FE8645}
		{BC518F6B-46C9-4B91-B0D3-67B176F907B2} = {BC518F6B-46C9-4B91-B0D3-67B176F907B2}
	EndProjectSection
EndProject
Project("{8BC9CEB8-8B4A-11D0-8D11-00A0C91BC942}") = "ZERO_CHECK", "ZERO_CHECK.vcxproj", "{A5F450A8-02F6-4169-8CB2-816816FE8645}"
	ProjectSection(ProjectDependencies) = postProject
	EndProjectSection
EndProject
Project("{8BC9CEB8-8B4A-11D0-8D11-00A0C91BC942}") = "ace", "dep\acelite\ace\ace.vcxproj", "{28926D4C-CDC9-4FD3-9EEE-0B3029648CE7}"
	ProjectSection(ProjectDependencies) = postProject
		{A5F450A8-02F6-4169-8CB2-816816FE8645} = {A5F450A8-02F6-4169-8CB2-816816FE8645}
	EndProjectSection
EndProject
Project("{8BC9CEB8-8B4A-11D0-8D11-00A0C91BC942}") = "g3dlib", "dep\g3dlite\g3dlib.vcxproj", "{3A2DED82-C12E-484B-B2DF-1D96785FC4D9}"
	ProjectSection(ProjectDependencies) = postProject
		{A5F450A8-02F6-4169-8CB2-816816FE8645} = {A5F450A8-02F6-4169-8CB2-816816FE8645}
		{BC518F6B-46C9-4B91-B0D3-67B176F907B2} = {BC518F6B-46C9-4B91-B0D3-67B176F907B2}
	EndProjectSection
EndProject
Project("{8BC9CEB8-8B4A-11D0-8D11-00A0C91BC942}") = "gsoap", "dep\gsoap\gsoap.vcxproj", "{02A52A21-D62B-42BA-AE4E-D31E5DA3165F}"
	ProjectSection(ProjectDependencies) = postProject
		{A5F450A8-02F6-4169-8CB2-816816FE8645} = {A5F450A8-02F6-4169-8CB2-816816FE8645}
	EndProjectSection
EndProject
Project("{8BC9CEB8-8B4A-11D0-8D11-00A0C91BC942}") = "libmysql", "dep\mysqllite\libmysql.vcxproj", "{32CFB662-F7D7-4B60-A5B8-88EA1C0F98A4}"
	ProjectSection(ProjectDependencies) = postProject
		{A5F450A8-02F6-4169-8CB2-816816FE8645} = {A5F450A8-02F6-4169-8CB2-816816FE8645}
		{BC518F6B-46C9-4B91-B0D3-67B176F907B2} = {BC518F6B-46C9-4B91-B0D3-67B176F907B2}
	EndProjectSection
EndProject
Project("{8BC9CEB8-8B4A-11D0-8D11-00A0C91BC942}") = "revision.h", "src\genrev\revision.h.vcxproj", "{54863AF1-AB6D-4888-9FFF-73CEFF1F72EA}"
	ProjectSection(ProjectDependencies) = postProject
		{A5F450A8-02F6-4169-8CB2-816816FE8645} = {A5F450A8-02F6-4169-8CB2-816816FE8645}
	EndProjectSection
EndProject
Project("{8BC9CEB8-8B4A-11D0-8D11-00A0C91BC942}") = "zlib", "dep\zlib\zlib.vcxproj", "{BC518F6B-46C9-4B91-B0D3-67B176F907B2}"
	ProjectSection(ProjectDependencies) = postProject
		{A5F450A8-02F6-4169-8CB2-816816FE8645} = {A5F450A8-02F6-4169-8CB2-816816FE8645}
	EndProjectSection
EndProject
Global
	GlobalSection(SolutionConfigurationPlatforms) = preSolution
		Debug|Win32 = Debug|Win32
		Release|Win32 = Release|Win32
		MinSizeRel|Win32 = MinSizeRel|Win32
		RelWithDebInfo|Win32 = RelWithDebInfo|Win32
	EndGlobalSection
	GlobalSection(ProjectConfigurationPlatforms) = postSolution
		{81671933-462A-429F-9F4A-226CBF8176B1}.Debug|Win32.ActiveCfg = Debug|Win32
		{81671933-462A-429F-9F4A-226CBF8176B1}.Debug|Win32.Build.0 = Debug|Win32
		{81671933-462A-429F-9F4A-226CBF8176B1}.Release|Win32.ActiveCfg = Release|Win32
		{81671933-462A-429F-9F4A-226CBF8176B1}.Release|Win32.Build.0 = Release|Win32
		{81671933-462A-429F-9F4A-226CBF8176B1}.MinSizeRel|Win32.ActiveCfg = MinSizeRel|Win32
		{81671933-462A-429F-9F4A-226CBF8176B1}.MinSizeRel|Win32.Build.0 = MinSizeRel|Win32
		{81671933-462A-429F-9F4A-226CBF8176B1}.RelWithDebInfo|Win32.ActiveCfg = RelWithDebInfo|Win32
		{81671933-462A-429F-9F4A-226CBF8176B1}.RelWithDebInfo|Win32.Build.0 = RelWithDebInfo|Win32
		{5A9E8F35-2FBB-4B41-92D8-3C95C6FFCE5B}.Debug|Win32.ActiveCfg = Debug|Win32
		{5A9E8F35-2FBB-4B41-92D8-3C95C6FFCE5B}.Debug|Win32.Build.0 = Debug|Win32
		{5A9E8F35-2FBB-4B41-92D8-3C95C6FFCE5B}.Release|Win32.ActiveCfg = Release|Win32
		{5A9E8F35-2FBB-4B41-92D8-3C95C6FFCE5B}.Release|Win32.Build.0 = Release|Win32
		{5A9E8F35-2FBB-4B41-92D8-3C95C6FFCE5B}.MinSizeRel|Win32.ActiveCfg = MinSizeRel|Win32
		{5A9E8F35-2FBB-4B41-92D8-3C95C6FFCE5B}.MinSizeRel|Win32.Build.0 = MinSizeRel|Win32
		{5A9E8F35-2FBB-4B41-92D8-3C95C6FFCE5B}.RelWithDebInfo|Win32.ActiveCfg = RelWithDebInfo|Win32
		{5A9E8F35-2FBB-4B41-92D8-3C95C6FFCE5B}.RelWithDebInfo|Win32.Build.0 = RelWithDebInfo|Win32
		{186A773A-B92A-4CE0-8F86-CE9DC9DA235E}.Debug|Win32.ActiveCfg = Debug|Win32
		{186A773A-B92A-4CE0-8F86-CE9DC9DA235E}.Release|Win32.ActiveCfg = Release|Win32
		{186A773A-B92A-4CE0-8F86-CE9DC9DA235E}.MinSizeRel|Win32.ActiveCfg = MinSizeRel|Win32
		{186A773A-B92A-4CE0-8F86-CE9DC9DA235E}.RelWithDebInfo|Win32.ActiveCfg = RelWithDebInfo|Win32
		{2529E223-6C0F-4355-A3E1-5BB5F166DEF6}.Debug|Win32.ActiveCfg = Debug|Win32
		{2529E223-6C0F-4355-A3E1-5BB5F166DEF6}.Debug|Win32.Build.0 = Debug|Win32
		{2529E223-6C0F-4355-A3E1-5BB5F166DEF6}.Release|Win32.ActiveCfg = Release|Win32
		{2529E223-6C0F-4355-A3E1-5BB5F166DEF6}.Release|Win32.Build.0 = Release|Win32
		{2529E223-6C0F-4355-A3E1-5BB5F166DEF6}.MinSizeRel|Win32.ActiveCfg = MinSizeRel|Win32
		{2529E223-6C0F-4355-A3E1-5BB5F166DEF6}.MinSizeRel|Win32.Build.0 = MinSizeRel|Win32
		{2529E223-6C0F-4355-A3E1-5BB5F166DEF6}.RelWithDebInfo|Win32.ActiveCfg = RelWithDebInfo|Win32
		{2529E223-6C0F-4355-A3E1-5BB5F166DEF6}.RelWithDebInfo|Win32.Build.0 = RelWithDebInfo|Win32
		{A5F450A8-02F6-4169-8CB2-816816FE8645}.Debug|Win32.ActiveCfg = Debug|Win32
		{A5F450A8-02F6-4169-8CB2-816816FE8645}.Debug|Win32.Build.0 = Debug|Win32
		{A5F450A8-02F6-4169-8CB2-816816FE8645}.Release|Win32.ActiveCfg = Release|Win32
		{A5F450A8-02F6-4169-8CB2-816816FE8645}.Release|Win32.Build.0 = Release|Win32
		{A5F450A8-02F6-4169-8CB2-816816FE8645}.MinSizeRel|Win32.ActiveCfg = MinSizeRel|Win32
		{A5F450A8-02F6-4169-8CB2-816816FE8645}.MinSizeRel|Win32.Build.0 = MinSizeRel|Win32
		{A5F450A8-02F6-4169-8CB2-816816FE8645}.RelWithDebInfo|Win32.ActiveCfg = RelWithDebInfo|Win32
		{A5F450A8-02F6-4169-8CB2-816816FE8645}.RelWithDebInfo|Win32.Build.0 = RelWithDebInfo|Win32
		{28926D4C-CDC9-4FD3-9EEE-0B3029648CE7}.Debug|Win32.ActiveCfg = Debug|Win32
		{28926D4C-CDC9-4FD3-9EEE-0B3029648CE7}.Debug|Win32.Build.0 = Debug|Win32
		{28926D4C-CDC9-4FD3-9EEE-0B3029648CE7}.Release|Win32.ActiveCfg = Release|Win32
		{28926D4C-CDC9-4FD3-9EEE-0B3029648CE7}.Release|Win32.Build.0 = Release|Win32
		{28926D4C-CDC9-4FD3-9EEE-0B3029648CE7}.MinSizeRel|Win32.ActiveCfg = MinSizeRel|Win32
		{28926D4C-CDC9-4FD3-9EEE-0B3029648CE7}.MinSizeRel|Win32.Build.0 = MinSizeRel|Win32
		{28926D4C-CDC9-4FD3-9EEE-0B3029648CE7}.RelWithDebInfo|Win32.ActiveCfg = RelWithDebInfo|Win32
		{28926D4C-CDC9-4FD3-9EEE-0B3029648CE7}.RelWithDebInfo|Win32.Build.0 = RelWithDebInfo|Win32
		{3A2DED82-C12E-484B-B2DF-1D96785FC4D9}.Debug|Win32.ActiveCfg = Debug|Win32
		{3A2DED82-C12E-484B-B2DF-1D96785FC4D9}.Debug|Win32.Build.0 = Debug|Win32
		{3A2DED82-C12E-484B-B2DF-1D96785FC4D9}.Release|Win32.ActiveCfg = Release|Win32
		{3A2DED82-C12E-484B-B2DF-1D96785FC4D9}.Release|Win32.Build.0 = Release|Win32
		{3A2DED82-C12E-484B-B2DF-1D96785FC4D9}.MinSizeRel|Win32.ActiveCfg = MinSizeRel|Win32
		{3A2DED82-C12E-484B-B2DF-1D96785FC4D9}.MinSizeRel|Win32.Build.0 = MinSizeRel|Win32
		{3A2DED82-C12E-484B-B2DF-1D96785FC4D9}.RelWithDebInfo|Win32.ActiveCfg = RelWithDebInfo|Win32
		{3A2DED82-C12E-484B-B2DF-1D96785FC4D9}.RelWithDebInfo|Win32.Build.0 = RelWithDebInfo|Win32
		{02A52A21-D62B-42BA-AE4E-D31E5DA3165F}.Debug|Win32.ActiveCfg = Debug|Win32
		{02A52A21-D62B-42BA-AE4E-D31E5DA3165F}.Debug|Win32.Build.0 = Debug|Win32
		{02A52A21-D62B-42BA-AE4E-D31E5DA3165F}.Release|Win32.ActiveCfg = Release|Win32
		{02A52A21-D62B-42BA-AE4E-D31E5DA3165F}.Release|Win32.Build.0 = Release|Win32
		{02A52A21-D62B-42BA-AE4E-D31E5DA3165F}.MinSizeRel|Win32.ActiveCfg = MinSizeRel|Win32
		{02A52A21-D62B-42BA-AE4E-D31E5DA3165F}.MinSizeRel|Win32.Build.0 = MinSizeRel|Win32
		{02A52A21-D62B-42BA-AE4E-D31E5DA3165F}.RelWithDebInfo|Win32.ActiveCfg = RelWithDebInfo|Win32
		{02A52A21-D62B-42BA-AE4E-D31E5DA3165F}.RelWithDebInfo|Win32.Build.0 = RelWithDebInfo|Win32
		{32CFB662-F7D7-4B60-A5B8-88EA1C0F98A4}.Debug|Win32.ActiveCfg = Debug|Win32
		{32CFB662-F7D7-4B60-A5B8-88EA1C0F98A4}.Debug|Win32.Build.0 = Debug|Win32
		{32CFB662-F7D7-4B60-A5B8-88EA1C0F98A4}.Release|Win32.ActiveCfg = Release|Win32
		{32CFB662-F7D7-4B60-A5B8-88EA1C0F98A4}.Release|Win32.Build.0 = Release|Win32
		{32CFB662-F7D7-4B60-A5B8-88EA1C0F98A4}.MinSizeRel|Win32.ActiveCfg = MinSizeRel|Win32
		{32CFB662-F7D7-4B60-A5B8-88EA1C0F98A4}.MinSizeRel|Win32.Build.0 = MinSizeRel|Win32
		{32CFB662-F7D7-4B60-A5B8-88EA1C0F98A4}.RelWithDebInfo|Win32.ActiveCfg = RelWithDebInfo|Win32
		{32CFB662-F7D7-4B60-A5B8-88EA1C0F98A4}.RelWithDebInfo|Win32.Build.0 = RelWithDebInfo|Win32
		{54863AF1-AB6D-4888-9FFF-73CEFF1F72EA}.Debug|Win32.ActiveCfg = Debug|Win32
		{54863AF1-AB6D-4888-9FFF-73CEFF1F72EA}.Debug|Win32.Build.0 = Debug|Win32
		{54863AF1-AB6D-4888-9FFF-73CEFF1F72EA}.Release|Win32.ActiveCfg = Release|Win32
		{54863AF1-AB6D-4888-9FFF-73CEFF1F72EA}.Release|Win32.Build.0 = Release|Win32
		{54863AF1-AB6D-4888-9FFF-73CEFF1F72EA}.MinSizeRel|Win32.ActiveCfg = MinSizeRel|Win32
		{54863AF1-AB6D-4888-9FFF-73CEFF1F72EA}.MinSizeRel|Win32.Build.0 = MinSizeRel|Win32
		{54863AF1-AB6D-4888-9FFF-73CEFF1F72EA}.RelWithDebInfo|Win32.ActiveCfg = RelWithDebInfo|Win32
		{54863AF1-AB6D-4888-9FFF-73CEFF1F72EA}.RelWithDebInfo|Win32.Build.0 = RelWithDebInfo|Win32
		{BC518F6B-46C9-4B91-B0D3-67B176F907B2}.Debug|Win32.ActiveCfg = Debug|Win32
		{BC518F6B-46C9-4B91-B0D3-67B176F907B2}.Debug|Win32.Build.0 = Debug|Win32
		{BC518F6B-46C9-4B91-B0D3-67B176F907B2}.Release|Win32.ActiveCfg = Release|Win32
		{BC518F6B-46C9-4B91-B0D3-67B176F907B2}.Release|Win32.Build.0 = Release|Win32
		{BC518F6B-46C9-4B91-B0D3-67B176F907B2}.MinSizeRel|Win32.ActiveCfg = MinSizeRel|Win32
		{BC518F6B-46C9-4B91-B0D3-67B176F907B2}.MinSizeRel|Win32.Build.0 = MinSizeRel|Win32
		{BC518F6B-46C9-4B91-B0D3-67B176F907B2}.RelWithDebInfo|Win32.ActiveCfg = RelWithDebInfo|Win32
		{BC518F6B-46C9-4B91-B0D3-67B176F907B2}.RelWithDebInfo|Win32.Build.0 = RelWithDebInfo|Win32
	EndGlobalSection
	GlobalSection(ExtensibilityGlobals) = postSolution
	EndGlobalSection
	GlobalSection(ExtensibilityAddIns) = postSolution
	EndGlobalSection
EndGlobal
